
Microsoft Visual Studio Solution File, Format Version 12.00
Project("{FAE04EC0-301F-11D3-BF4B-00C04F79EFBC}") = "HareDu", "HareDu\HareDu.csproj", "{E2632998-AED4-4913-A62D-C2E4A6D6647D}"
EndProject
Project("{FAE04EC0-301F-11D3-BF4B-00C04F79EFBC}") = "HareDu.Tests", "HareDu.Tests\HareDu.Tests.csproj", "{AAFA4632-8B5B-40E3-90DC-87AAC71AF9DC}"
EndProject
Project("{FAE04EC0-301F-11D3-BF4B-00C04F79EFBC}") = "HareDu.Core", "HareDu.Core\HareDu.Core.csproj", "{C3078124-5CE7-4268-BE63-AA848B931DD5}"
EndProject
Project("{2150E333-8FDC-42A3-9474-1A3956D46DE8}") = "Testing", "Testing", "{ADF38E79-68AC-4325-9A8E-F96F6EED3A66}"
EndProject
Project("{2150E333-8FDC-42A3-9474-1A3956D46DE8}") = "Unit", "Unit", "{783321E8-01E6-422B-96F7-78904BDACFAA}"
EndProject
Project("{FAE04EC0-301F-11D3-BF4B-00C04F79EFBC}") = "HareDu.AutofacIntegration", "HareDu.AutofacIntegration\HareDu.AutofacIntegration.csproj", "{EE93E750-756B-4739-AE9B-B71F6373DCA0}"
EndProject
Project("{FAE04EC0-301F-11D3-BF4B-00C04F79EFBC}") = "HareDu.CoreIntegration", "HareDu.CoreIntegration\HareDu.CoreIntegration.csproj", "{3E8FC223-1787-4933-8A2A-F837F4409044}"
EndProject
Project("{2150E333-8FDC-42A3-9474-1A3956D46DE8}") = "Containers", "Containers", "{57830D6E-F652-4134-9A97-975A9E35136C}"
EndProject
Project("{2150E333-8FDC-42A3-9474-1A3956D46DE8}") = "Performance", "Performance", "{836A5295-C53E-4AE1-9EB9-C228B0938898}"
EndProject
Project("{FAE04EC0-301F-11D3-BF4B-00C04F79EFBC}") = "HareDu.Perf", "HareDu.Perf\HareDu.Perf.csproj", "{72DE80FD-D5F3-4D84-9D0F-0D86BC2138F9}"
EndProject
Project("{FAE04EC0-301F-11D3-BF4B-00C04F79EFBC}") = "HareDu.Snapshotting", "HareDu.Snapshotting\HareDu.Snapshotting.csproj", "{3DC85FC8-9BE7-4308-8826-5DD02FE441F6}"
EndProject
Project("{FAE04EC0-301F-11D3-BF4B-00C04F79EFBC}") = "HareDu.Diagnostics", "HareDu.Diagnostics\HareDu.Diagnostics.csproj", "{AE6CE31A-8CCB-4765-8472-89F582E5865C}"
EndProject
Project("{FAE04EC0-301F-11D3-BF4B-00C04F79EFBC}") = "HareDu.Snapshotting.Tests", "HareDu.Snapshotting.Tests\HareDu.Snapshotting.Tests.csproj", "{9DE1670B-F58F-4492-BB5C-916484BA1646}"
EndProject
Project("{FAE04EC0-301F-11D3-BF4B-00C04F79EFBC}") = "HareDu.Diagnostics.Tests", "HareDu.Diagnostics.Tests\HareDu.Diagnostics.Tests.csproj", "{BA9BA395-81F6-442B-A064-9C630D2E1962}"
EndProject
Project("{2150E333-8FDC-42A3-9474-1A3956D46DE8}") = "Integration", "Integration", "{7C078D46-C11E-438B-98B0-146489F361E9}"
EndProject
Project("{FAE04EC0-301F-11D3-BF4B-00C04F79EFBC}") = "HareDu.IntegrationTests", "HareDu.IntegrationTests\HareDu.IntegrationTests.csproj", "{53DE4AFB-884D-4457-994D-83AF2E2B513A}"
EndProject
Project("{FAE04EC0-301F-11D3-BF4B-00C04F79EFBC}") = "HareDu.Snapshotting.IntegrationTests", "HareDu.Snapshotting.IntegrationTests\HareDu.Snapshotting.IntegrationTests.csproj", "{8E8A013C-D682-4792-84B3-CB1EB39ED22F}"
EndProject
Project("{FAE04EC0-301F-11D3-BF4B-00C04F79EFBC}") = "HareDu.Diagnostics.IntegrationTesting", "HareDu.Diagnostics.IntegrationTesting\HareDu.Diagnostics.IntegrationTesting.csproj", "{8FE07BF3-B0E0-4916-A8D5-12E133B9782E}"
EndProject
Global
	GlobalSection(SolutionConfigurationPlatforms) = preSolution
		Debug|Any CPU = Debug|Any CPU
		Release|Any CPU = Release|Any CPU
	EndGlobalSection
	GlobalSection(ProjectConfigurationPlatforms) = postSolution
		{E2632998-AED4-4913-A62D-C2E4A6D6647D}.Debug|Any CPU.ActiveCfg = Debug|Any CPU
		{E2632998-AED4-4913-A62D-C2E4A6D6647D}.Debug|Any CPU.Build.0 = Debug|Any CPU
		{E2632998-AED4-4913-A62D-C2E4A6D6647D}.Release|Any CPU.ActiveCfg = Release|Any CPU
		{E2632998-AED4-4913-A62D-C2E4A6D6647D}.Release|Any CPU.Build.0 = Release|Any CPU
		{AAFA4632-8B5B-40E3-90DC-87AAC71AF9DC}.Debug|Any CPU.ActiveCfg = Debug|Any CPU
		{AAFA4632-8B5B-40E3-90DC-87AAC71AF9DC}.Debug|Any CPU.Build.0 = Debug|Any CPU
		{AAFA4632-8B5B-40E3-90DC-87AAC71AF9DC}.Release|Any CPU.ActiveCfg = Release|Any CPU
		{AAFA4632-8B5B-40E3-90DC-87AAC71AF9DC}.Release|Any CPU.Build.0 = Release|Any CPU
		{C3078124-5CE7-4268-BE63-AA848B931DD5}.Debug|Any CPU.ActiveCfg = Debug|Any CPU
		{C3078124-5CE7-4268-BE63-AA848B931DD5}.Debug|Any CPU.Build.0 = Debug|Any CPU
		{C3078124-5CE7-4268-BE63-AA848B931DD5}.Release|Any CPU.ActiveCfg = Release|Any CPU
		{C3078124-5CE7-4268-BE63-AA848B931DD5}.Release|Any CPU.Build.0 = Release|Any CPU
		{EE93E750-756B-4739-AE9B-B71F6373DCA0}.Debug|Any CPU.ActiveCfg = Debug|Any CPU
		{EE93E750-756B-4739-AE9B-B71F6373DCA0}.Debug|Any CPU.Build.0 = Debug|Any CPU
		{EE93E750-756B-4739-AE9B-B71F6373DCA0}.Release|Any CPU.ActiveCfg = Release|Any CPU
		{EE93E750-756B-4739-AE9B-B71F6373DCA0}.Release|Any CPU.Build.0 = Release|Any CPU
		{3E8FC223-1787-4933-8A2A-F837F4409044}.Debug|Any CPU.ActiveCfg = Debug|Any CPU
		{3E8FC223-1787-4933-8A2A-F837F4409044}.Debug|Any CPU.Build.0 = Debug|Any CPU
		{3E8FC223-1787-4933-8A2A-F837F4409044}.Release|Any CPU.ActiveCfg = Release|Any CPU
		{3E8FC223-1787-4933-8A2A-F837F4409044}.Release|Any CPU.Build.0 = Release|Any CPU
		{72DE80FD-D5F3-4D84-9D0F-0D86BC2138F9}.Debug|Any CPU.ActiveCfg = Debug|Any CPU
		{72DE80FD-D5F3-4D84-9D0F-0D86BC2138F9}.Debug|Any CPU.Build.0 = Debug|Any CPU
		{72DE80FD-D5F3-4D84-9D0F-0D86BC2138F9}.Release|Any CPU.ActiveCfg = Release|Any CPU
		{72DE80FD-D5F3-4D84-9D0F-0D86BC2138F9}.Release|Any CPU.Build.0 = Release|Any CPU
		{3DC85FC8-9BE7-4308-8826-5DD02FE441F6}.Debug|Any CPU.ActiveCfg = Debug|Any CPU
		{3DC85FC8-9BE7-4308-8826-5DD02FE441F6}.Debug|Any CPU.Build.0 = Debug|Any CPU
		{3DC85FC8-9BE7-4308-8826-5DD02FE441F6}.Release|Any CPU.ActiveCfg = Release|Any CPU
		{3DC85FC8-9BE7-4308-8826-5DD02FE441F6}.Release|Any CPU.Build.0 = Release|Any CPU
		{AE6CE31A-8CCB-4765-8472-89F582E5865C}.Debug|Any CPU.ActiveCfg = Debug|Any CPU
		{AE6CE31A-8CCB-4765-8472-89F582E5865C}.Debug|Any CPU.Build.0 = Debug|Any CPU
		{AE6CE31A-8CCB-4765-8472-89F582E5865C}.Release|Any CPU.ActiveCfg = Release|Any CPU
		{AE6CE31A-8CCB-4765-8472-89F582E5865C}.Release|Any CPU.Build.0 = Release|Any CPU
		{9DE1670B-F58F-4492-BB5C-916484BA1646}.Debug|Any CPU.ActiveCfg = Debug|Any CPU
		{9DE1670B-F58F-4492-BB5C-916484BA1646}.Debug|Any CPU.Build.0 = Debug|Any CPU
		{9DE1670B-F58F-4492-BB5C-916484BA1646}.Release|Any CPU.ActiveCfg = Release|Any CPU
		{9DE1670B-F58F-4492-BB5C-916484BA1646}.Release|Any CPU.Build.0 = Release|Any CPU
		{BA9BA395-81F6-442B-A064-9C630D2E1962}.Debug|Any CPU.ActiveCfg = Debug|Any CPU
		{BA9BA395-81F6-442B-A064-9C630D2E1962}.Debug|Any CPU.Build.0 = Debug|Any CPU
		{BA9BA395-81F6-442B-A064-9C630D2E1962}.Release|Any CPU.ActiveCfg = Release|Any CPU
		{BA9BA395-81F6-442B-A064-9C630D2E1962}.Release|Any CPU.Build.0 = Release|Any CPU
		{53DE4AFB-884D-4457-994D-83AF2E2B513A}.Debug|Any CPU.ActiveCfg = Debug|Any CPU
		{53DE4AFB-884D-4457-994D-83AF2E2B513A}.Debug|Any CPU.Build.0 = Debug|Any CPU
		{53DE4AFB-884D-4457-994D-83AF2E2B513A}.Release|Any CPU.ActiveCfg = Release|Any CPU
		{53DE4AFB-884D-4457-994D-83AF2E2B513A}.Release|Any CPU.Build.0 = Release|Any CPU
		{8E8A013C-D682-4792-84B3-CB1EB39ED22F}.Debug|Any CPU.ActiveCfg = Debug|Any CPU
		{8E8A013C-D682-4792-84B3-CB1EB39ED22F}.Debug|Any CPU.Build.0 = Debug|Any CPU
		{8E8A013C-D682-4792-84B3-CB1EB39ED22F}.Release|Any CPU.ActiveCfg = Release|Any CPU
		{8E8A013C-D682-4792-84B3-CB1EB39ED22F}.Release|Any CPU.Build.0 = Release|Any CPU
		{8FE07BF3-B0E0-4916-A8D5-12E133B9782E}.Debug|Any CPU.ActiveCfg = Debug|Any CPU
		{8FE07BF3-B0E0-4916-A8D5-12E133B9782E}.Debug|Any CPU.Build.0 = Debug|Any CPU
		{8FE07BF3-B0E0-4916-A8D5-12E133B9782E}.Release|Any CPU.ActiveCfg = Release|Any CPU
		{8FE07BF3-B0E0-4916-A8D5-12E133B9782E}.Release|Any CPU.Build.0 = Release|Any CPU
	EndGlobalSection
	GlobalSection(NestedProjects) = preSolution
		{783321E8-01E6-422B-96F7-78904BDACFAA} = {ADF38E79-68AC-4325-9A8E-F96F6EED3A66}
		{AAFA4632-8B5B-40E3-90DC-87AAC71AF9DC} = {783321E8-01E6-422B-96F7-78904BDACFAA}
		{EE93E750-756B-4739-AE9B-B71F6373DCA0} = {57830D6E-F652-4134-9A97-975A9E35136C}
		{3E8FC223-1787-4933-8A2A-F837F4409044} = {57830D6E-F652-4134-9A97-975A9E35136C}
		{836A5295-C53E-4AE1-9EB9-C228B0938898} = {ADF38E79-68AC-4325-9A8E-F96F6EED3A66}
		{72DE80FD-D5F3-4D84-9D0F-0D86BC2138F9} = {836A5295-C53E-4AE1-9EB9-C228B0938898}
		{9DE1670B-F58F-4492-BB5C-916484BA1646} = {783321E8-01E6-422B-96F7-78904BDACFAA}
		{BA9BA395-81F6-442B-A064-9C630D2E1962} = {783321E8-01E6-422B-96F7-78904BDACFAA}
		{7C078D46-C11E-438B-98B0-146489F361E9} = {ADF38E79-68AC-4325-9A8E-F96F6EED3A66}
		{53DE4AFB-884D-4457-994D-83AF2E2B513A} = {7C078D46-C11E-438B-98B0-146489F361E9}
		{8E8A013C-D682-4792-84B3-CB1EB39ED22F} = {7C078D46-C11E-438B-98B0-146489F361E9}
		{8FE07BF3-B0E0-4916-A8D5-12E133B9782E} = {7C078D46-C11E-438B-98B0-146489F361E9}
	EndGlobalSection
EndGlobal
